{
  "version": 4,
  "terraform_version": "1.1.2",
  "serial": 6,
  "lineage": "ed5a7a65-a9ec-04f0-a6b4-ab639c305911",
  "outputs": {},
  "resources": [
    {
      "mode": "data",
      "type": "google_compute_network",
      "name": "fabsvpc1",
      "provider": "provider[\"registry.terraform.io/hashicorp/google\"]",
      "instances": [
        {
          "schema_version": 0,
          "attributes": {
            "description": "",
            "gateway_ipv4": "",
            "id": "projects/fsalaman-sanbox/global/networks/fabsvpc1",
            "name": "fabsvpc1",
            "project": "fsalaman-sanbox",
            "self_link": "https://www.googleapis.com/compute/v1/projects/fsalaman-sanbox/global/networks/fabsvpc1",
            "subnetworks_self_links": [
              "https://www.googleapis.com/compute/v1/projects/fsalaman-sanbox/regions/us-west1/subnetworks/fabsv1sn1",
              "https://www.googleapis.com/compute/v1/projects/fsalaman-sanbox/regions/us-west1/subnetworks/fabsv1sn2"
            ]
          },
          "sensitive_attributes": []
        }
      ]
    },
    {
      "mode": "managed",
      "type": "google_compute_subnetwork",
      "name": "fabsv1sn3",
      "provider": "provider[\"registry.terraform.io/hashicorp/google\"]",
      "instances": [
        {
          "schema_version": 0,
          "attributes": {
            "creation_timestamp": "2022-01-03T20:33:06.801-08:00",
            "description": "",
            "external_ipv6_prefix": "",
            "fingerprint": null,
            "gateway_address": "172.16.149.1",
            "id": "projects/fsalaman-sanbox/regions/us-central1/subnetworks/fabsv1sn3",
            "ip_cidr_range": "172.16.149.0/25",
            "ipv6_access_type": "",
            "ipv6_cidr_range": "",
            "log_config": [],
            "name": "fabsv1sn3",
            "network": "https://www.googleapis.com/compute/v1/projects/fsalaman-sanbox/global/networks/fabsvpc1",
            "private_ip_google_access": false,
            "private_ipv6_google_access": "DISABLE_GOOGLE_ACCESS",
            "project": "fsalaman-sanbox",
            "purpose": "PRIVATE",
            "region": "us-central1",
            "role": "",
            "secondary_ip_range": [],
            "self_link": "https://www.googleapis.com/compute/v1/projects/fsalaman-sanbox/regions/us-central1/subnetworks/fabsv1sn3",
            "stack_type": "IPV4_ONLY",
            "timeouts": null
          },
          "sensitive_attributes": [],
          "private": "eyJlMmJmYjczMC1lY2FhLTExZTYtOGY4OC0zNDM2M2JjN2M0YzAiOnsiY3JlYXRlIjozNjAwMDAwMDAwMDAsImRlbGV0ZSI6MzYwMDAwMDAwMDAwLCJ1cGRhdGUiOjM2MDAwMDAwMDAwMH19",
          "dependencies": [
            "data.google_compute_network.fabsvpc1"
          ]
        }
      ]
    }
  ]
}
